
Microsoft Visual Studio Solution File, Format Version 12.00
# Visual Studio Version 17
VisualStudioVersion = 17.5.33516.290
MinimumVisualStudioVersion = 10.0.40219.1
Project("{9A19103F-16F7-4668-BE54-9A1E7A4F7556}") = "MagicVilla_API", "MagicVilla_API\MagicVilla_API.csproj", "{02FDB4EC-2409-4EBE-AAA8-1955F8FA1628}"
EndProject
Project("{9A19103F-16F7-4668-BE54-9A1E7A4F7556}") = "MagicVilla_Utilidad", "MagicVilla_Utilidad\MagicVilla_Utilidad.csproj", "{4599554A-56D0-483E-8193-0F243BC5D7CE}"
EndProject
Project("{9A19103F-16F7-4668-BE54-9A1E7A4F7556}") = "MagicVillaWeb", "MagicVillaWeb\MagicVillaWeb.csproj", "{AF6483B0-FE41-4A5B-87BA-509794F53309}"
	ProjectSection(ProjectDependencies) = postProject
		{4599554A-56D0-483E-8193-0F243BC5D7CE} = {4599554A-56D0-483E-8193-0F243BC5D7CE}
	EndProjectSection
EndProject
Global
	GlobalSection(SolutionConfigurationPlatforms) = preSolution
		Debug|Any CPU = Debug|Any CPU
		Release|Any CPU = Release|Any CPU
	EndGlobalSection
	GlobalSection(ProjectConfigurationPlatforms) = postSolution
		{02FDB4EC-2409-4EBE-AAA8-1955F8FA1628}.Debug|Any CPU.ActiveCfg = Debug|Any CPU
		{02FDB4EC-2409-4EBE-AAA8-1955F8FA1628}.Debug|Any CPU.Build.0 = Debug|Any CPU
		{02FDB4EC-2409-4EBE-AAA8-1955F8FA1628}.Release|Any CPU.ActiveCfg = Release|Any CPU
		{02FDB4EC-2409-4EBE-AAA8-1955F8FA1628}.Release|Any CPU.Build.0 = Release|Any CPU
		{4599554A-56D0-483E-8193-0F243BC5D7CE}.Debug|Any CPU.ActiveCfg = Debug|Any CPU
		{4599554A-56D0-483E-8193-0F243BC5D7CE}.Debug|Any CPU.Build.0 = Debug|Any CPU
		{4599554A-56D0-483E-8193-0F243BC5D7CE}.Release|Any CPU.ActiveCfg = Release|Any CPU
		{4599554A-56D0-483E-8193-0F243BC5D7CE}.Release|Any CPU.Build.0 = Release|Any CPU
		{AF6483B0-FE41-4A5B-87BA-509794F53309}.Debug|Any CPU.ActiveCfg = Debug|Any CPU
		{AF6483B0-FE41-4A5B-87BA-509794F53309}.Debug|Any CPU.Build.0 = Debug|Any CPU
		{AF6483B0-FE41-4A5B-87BA-509794F53309}.Release|Any CPU.ActiveCfg = Release|Any CPU
		{AF6483B0-FE41-4A5B-87BA-509794F53309}.Release|Any CPU.Build.0 = Release|Any CPU
	EndGlobalSection
	GlobalSection(SolutionProperties) = preSolution
		HideSolutionNode = FALSE
	EndGlobalSection
	GlobalSection(ExtensibilityGlobals) = postSolution
		SolutionGuid = {1C63CDE4-287B-4F57-AD18-6CE42B453886}
	EndGlobalSection
EndGlobal
